
Microsoft Visual Studio Solution File, Format Version 12.00
# Visual Studio Version 17
VisualStudioVersion = 17.5.33530.505
MinimumVisualStudioVersion = 10.0.40219.1
Project("{FAE04EC0-301F-11D3-BF4B-00C04F79EFBC}") = "Zelie", "Zelie.csproj", "{3F352F55-0D0C-4260-B84A-0E07F7933281}"
EndProject
Global
	GlobalSection(SolutionConfigurationPlatforms) = preSolution
		Debug|Any CPU = Debug|Any CPU
		Release|Any CPU = Release|Any CPU
	EndGlobalSection
	GlobalSection(ProjectConfigurationPlatforms) = postSolution
		{3F352F55-0D0C-4260-B84A-0E07F7933281}.Debug|Any CPU.ActiveCfg = Debug|Any CPU
		{3F352F55-0D0C-4260-B84A-0E07F7933281}.Debug|Any CPU.Build.0 = Debug|Any CPU
		{3F352F55-0D0C-4260-B84A-0E07F7933281}.Release|Any CPU.ActiveCfg = Release|Any CPU
		{3F352F55-0D0C-4260-B84A-0E07F7933281}.Release|Any CPU.Build.0 = Release|Any CPU
	EndGlobalSection
	GlobalSection(SolutionProperties) = preSolution
		HideSolutionNode = FALSE
	EndGlobalSection
	GlobalSection(ExtensibilityGlobals) = postSolution
		SolutionGuid = {85676C90-C252-42D3-8905-D9996BEB3664}
	EndGlobalSection
EndGlobal
