
Microsoft Visual Studio Solution File, Format Version 12.00
# Visual Studio Version 17
VisualStudioVersion = 17.5.33530.505
MinimumVisualStudioVersion = 10.0.40219.1
Project("{FAE04EC0-301F-11D3-BF4B-00C04F79EFBC}") = "Konvektor_deneg", "Konvektor_deneg.csproj", "{4D262593-72F8-4633-AD25-4CA6C27D6F05}"
EndProject
Global
	GlobalSection(SolutionConfigurationPlatforms) = preSolution
		Debug|Any CPU = Debug|Any CPU
		Release|Any CPU = Release|Any CPU
	EndGlobalSection
	GlobalSection(ProjectConfigurationPlatforms) = postSolution
		{4D262593-72F8-4633-AD25-4CA6C27D6F05}.Debug|Any CPU.ActiveCfg = Debug|Any CPU
		{4D262593-72F8-4633-AD25-4CA6C27D6F05}.Debug|Any CPU.Build.0 = Debug|Any CPU
		{4D262593-72F8-4633-AD25-4CA6C27D6F05}.Release|Any CPU.ActiveCfg = Release|Any CPU
		{4D262593-72F8-4633-AD25-4CA6C27D6F05}.Release|Any CPU.Build.0 = Release|Any CPU
	EndGlobalSection
	GlobalSection(SolutionProperties) = preSolution
		HideSolutionNode = FALSE
	EndGlobalSection
	GlobalSection(ExtensibilityGlobals) = postSolution
		SolutionGuid = {025E81C2-A02E-4544-B1A8-90346300E09C}
	EndGlobalSection
EndGlobal
